
Microsoft Visual Studio Solution File, Format Version 12.00
# Visual Studio Version 17
VisualStudioVersion = 17.8.34408.163
MinimumVisualStudioVersion = 10.0.40219.1
Project("{FAE04EC0-301F-11D3-BF4B-00C04F79EFBC}") = "Bai1", "Bai1\Bai1.csproj", "{ED7AD739-4958-40D8-85E1-2BA52100BD9C}"
EndProject
Project("{FAE04EC0-301F-11D3-BF4B-00C04F79EFBC}") = "Bai2", "Bai2\Bai2.csproj", "{7FC49B83-8A0F-492D-9DAD-7DF84D0CB3FE}"
EndProject
Global
	GlobalSection(SolutionConfigurationPlatforms) = preSolution
		Debug|Any CPU = Debug|Any CPU
		Release|Any CPU = Release|Any CPU
	EndGlobalSection
	GlobalSection(ProjectConfigurationPlatforms) = postSolution
		{ED7AD739-4958-40D8-85E1-2BA52100BD9C}.Debug|Any CPU.ActiveCfg = Debug|Any CPU
		{ED7AD739-4958-40D8-85E1-2BA52100BD9C}.Debug|Any CPU.Build.0 = Debug|Any CPU
		{ED7AD739-4958-40D8-85E1-2BA52100BD9C}.Release|Any CPU.ActiveCfg = Release|Any CPU
		{ED7AD739-4958-40D8-85E1-2BA52100BD9C}.Release|Any CPU.Build.0 = Release|Any CPU
		{7FC49B83-8A0F-492D-9DAD-7DF84D0CB3FE}.Debug|Any CPU.ActiveCfg = Debug|Any CPU
		{7FC49B83-8A0F-492D-9DAD-7DF84D0CB3FE}.Debug|Any CPU.Build.0 = Debug|Any CPU
		{7FC49B83-8A0F-492D-9DAD-7DF84D0CB3FE}.Release|Any CPU.ActiveCfg = Release|Any CPU
		{7FC49B83-8A0F-492D-9DAD-7DF84D0CB3FE}.Release|Any CPU.Build.0 = Release|Any CPU
	EndGlobalSection
	GlobalSection(SolutionProperties) = preSolution
		HideSolutionNode = FALSE
	EndGlobalSection
	GlobalSection(ExtensibilityGlobals) = postSolution
		SolutionGuid = {2CC9F60B-0D81-42DB-A459-0B61D2147285}
	EndGlobalSection
EndGlobal
